
Microsoft Visual Studio Solution File, Format Version 12.00
# Visual Studio Version 16
VisualStudioVersion = 16.0.29613.14
MinimumVisualStudioVersion = 10.0.40219.1
Project("{8BC9CEB8-8B4A-11D0-8D11-00A0C91BC942}") = "Warmup", "Warmup\Warmup.vcxproj", "{3BC2AAA8-C1D5-4F8E-992E-EDB8149E08A4}"
EndProject
Project("{8BC9CEB8-8B4A-11D0-8D11-00A0C91BC942}") = "Warmup2", "Warmup2\Warmup2.vcxproj", "{B3B172CF-77F5-48BB-93F0-C10019D17F92}"
EndProject
Project("{8BC9CEB8-8B4A-11D0-8D11-00A0C91BC942}") = "Warmup3 RPN", "Warmup3 RPN\Warmup3 RPN.vcxproj", "{0C3907BF-C8C7-4E5B-80F6-530B61F61A17}"
EndProject
Project("{8BC9CEB8-8B4A-11D0-8D11-00A0C91BC942}") = "Warmup Record Performance", "Warmup Record Performance\Warmup Record Performance.vcxproj", "{FA07EC07-C85E-451B-AECD-A02F3189B946}"
EndProject
Project("{8BC9CEB8-8B4A-11D0-8D11-00A0C91BC942}") = "Recursive Walk Over Tree Warmup", "Recursive Walk Over Tree Warmup\Recursive Walk Over Tree Warmup.vcxproj", "{41870629-F715-4796-9110-9D50F7801F52}"
EndProject
Project("{8BC9CEB8-8B4A-11D0-8D11-00A0C91BC942}") = "Warmup Raylib Button", "Warmup Raylib\Warmup Raylib.vcxproj", "{C8D90B1C-06D8-4A55-A7ED-F9EE05DCF14F}"
EndProject
Global
	GlobalSection(SolutionConfigurationPlatforms) = preSolution
		Debug|x64 = Debug|x64
		Debug|x86 = Debug|x86
		Release|x64 = Release|x64
		Release|x86 = Release|x86
	EndGlobalSection
	GlobalSection(ProjectConfigurationPlatforms) = postSolution
		{3BC2AAA8-C1D5-4F8E-992E-EDB8149E08A4}.Debug|x64.ActiveCfg = Debug|x64
		{3BC2AAA8-C1D5-4F8E-992E-EDB8149E08A4}.Debug|x64.Build.0 = Debug|x64
		{3BC2AAA8-C1D5-4F8E-992E-EDB8149E08A4}.Debug|x86.ActiveCfg = Debug|Win32
		{3BC2AAA8-C1D5-4F8E-992E-EDB8149E08A4}.Debug|x86.Build.0 = Debug|Win32
		{3BC2AAA8-C1D5-4F8E-992E-EDB8149E08A4}.Release|x64.ActiveCfg = Release|x64
		{3BC2AAA8-C1D5-4F8E-992E-EDB8149E08A4}.Release|x64.Build.0 = Release|x64
		{3BC2AAA8-C1D5-4F8E-992E-EDB8149E08A4}.Release|x86.ActiveCfg = Release|Win32
		{3BC2AAA8-C1D5-4F8E-992E-EDB8149E08A4}.Release|x86.Build.0 = Release|Win32
		{B3B172CF-77F5-48BB-93F0-C10019D17F92}.Debug|x64.ActiveCfg = Debug|x64
		{B3B172CF-77F5-48BB-93F0-C10019D17F92}.Debug|x64.Build.0 = Debug|x64
		{B3B172CF-77F5-48BB-93F0-C10019D17F92}.Debug|x86.ActiveCfg = Debug|Win32
		{B3B172CF-77F5-48BB-93F0-C10019D17F92}.Debug|x86.Build.0 = Debug|Win32
		{B3B172CF-77F5-48BB-93F0-C10019D17F92}.Release|x64.ActiveCfg = Release|x64
		{B3B172CF-77F5-48BB-93F0-C10019D17F92}.Release|x64.Build.0 = Release|x64
		{B3B172CF-77F5-48BB-93F0-C10019D17F92}.Release|x86.ActiveCfg = Release|Win32
		{B3B172CF-77F5-48BB-93F0-C10019D17F92}.Release|x86.Build.0 = Release|Win32
		{0C3907BF-C8C7-4E5B-80F6-530B61F61A17}.Debug|x64.ActiveCfg = Debug|x64
		{0C3907BF-C8C7-4E5B-80F6-530B61F61A17}.Debug|x64.Build.0 = Debug|x64
		{0C3907BF-C8C7-4E5B-80F6-530B61F61A17}.Debug|x86.ActiveCfg = Debug|Win32
		{0C3907BF-C8C7-4E5B-80F6-530B61F61A17}.Debug|x86.Build.0 = Debug|Win32
		{0C3907BF-C8C7-4E5B-80F6-530B61F61A17}.Release|x64.ActiveCfg = Release|x64
		{0C3907BF-C8C7-4E5B-80F6-530B61F61A17}.Release|x64.Build.0 = Release|x64
		{0C3907BF-C8C7-4E5B-80F6-530B61F61A17}.Release|x86.ActiveCfg = Release|Win32
		{0C3907BF-C8C7-4E5B-80F6-530B61F61A17}.Release|x86.Build.0 = Release|Win32
		{FA07EC07-C85E-451B-AECD-A02F3189B946}.Debug|x64.ActiveCfg = Debug|x64
		{FA07EC07-C85E-451B-AECD-A02F3189B946}.Debug|x64.Build.0 = Debug|x64
		{FA07EC07-C85E-451B-AECD-A02F3189B946}.Debug|x86.ActiveCfg = Debug|Win32
		{FA07EC07-C85E-451B-AECD-A02F3189B946}.Debug|x86.Build.0 = Debug|Win32
		{FA07EC07-C85E-451B-AECD-A02F3189B946}.Release|x64.ActiveCfg = Release|x64
		{FA07EC07-C85E-451B-AECD-A02F3189B946}.Release|x64.Build.0 = Release|x64
		{FA07EC07-C85E-451B-AECD-A02F3189B946}.Release|x86.ActiveCfg = Release|Win32
		{FA07EC07-C85E-451B-AECD-A02F3189B946}.Release|x86.Build.0 = Release|Win32
		{41870629-F715-4796-9110-9D50F7801F52}.Debug|x64.ActiveCfg = Debug|x64
		{41870629-F715-4796-9110-9D50F7801F52}.Debug|x64.Build.0 = Debug|x64
		{41870629-F715-4796-9110-9D50F7801F52}.Debug|x86.ActiveCfg = Debug|Win32
		{41870629-F715-4796-9110-9D50F7801F52}.Debug|x86.Build.0 = Debug|Win32
		{41870629-F715-4796-9110-9D50F7801F52}.Release|x64.ActiveCfg = Release|x64
		{41870629-F715-4796-9110-9D50F7801F52}.Release|x64.Build.0 = Release|x64
		{41870629-F715-4796-9110-9D50F7801F52}.Release|x86.ActiveCfg = Release|Win32
		{41870629-F715-4796-9110-9D50F7801F52}.Release|x86.Build.0 = Release|Win32
		{C8D90B1C-06D8-4A55-A7ED-F9EE05DCF14F}.Debug|x64.ActiveCfg = Debug|x64
		{C8D90B1C-06D8-4A55-A7ED-F9EE05DCF14F}.Debug|x64.Build.0 = Debug|x64
		{C8D90B1C-06D8-4A55-A7ED-F9EE05DCF14F}.Debug|x86.ActiveCfg = Debug|Win32
		{C8D90B1C-06D8-4A55-A7ED-F9EE05DCF14F}.Debug|x86.Build.0 = Debug|Win32
		{C8D90B1C-06D8-4A55-A7ED-F9EE05DCF14F}.Release|x64.ActiveCfg = Release|x64
		{C8D90B1C-06D8-4A55-A7ED-F9EE05DCF14F}.Release|x64.Build.0 = Release|x64
		{C8D90B1C-06D8-4A55-A7ED-F9EE05DCF14F}.Release|x86.ActiveCfg = Release|Win32
		{C8D90B1C-06D8-4A55-A7ED-F9EE05DCF14F}.Release|x86.Build.0 = Release|Win32
	EndGlobalSection
	GlobalSection(SolutionProperties) = preSolution
		HideSolutionNode = FALSE
	EndGlobalSection
	GlobalSection(ExtensibilityGlobals) = postSolution
		SolutionGuid = {A00577A8-9703-47FB-BE6A-5C4EB4069FE5}
	EndGlobalSection
EndGlobal
